
Microsoft Visual Studio Solution File, Format Version 12.00
# Visual Studio Version 17
VisualStudioVersion = 17.0.31903.59
MinimumVisualStudioVersion = 10.0.40219.1
Project("{2150E333-8FDC-42A3-9474-1A3956D46DE8}") = "Api", "Api", "{A1000000-0000-0000-0000-000000000001}"
EndProject
Project("{FAE04EC0-301F-11D3-BF4B-00C04F79EFBC}") = "HealthVerse.Api", "Api\HealthVerse.Api\HealthVerse.Api.csproj", "{B1000000-0000-0000-0000-000000000001}"
EndProject
Project("{2150E333-8FDC-42A3-9474-1A3956D46DE8}") = "Shared", "Shared", "{A2000000-0000-0000-0000-000000000001}"
EndProject
Project("{FAE04EC0-301F-11D3-BF4B-00C04F79EFBC}") = "HealthVerse.SharedKernel", "Shared\HealthVerse.SharedKernel\HealthVerse.SharedKernel.csproj", "{B2000000-0000-0000-0000-000000000001}"
EndProject
Project("{2150E333-8FDC-42A3-9474-1A3956D46DE8}") = "Modules", "Modules", "{A3000000-0000-0000-0000-000000000001}"
EndProject
Project("{2150E333-8FDC-42A3-9474-1A3956D46DE8}") = "Identity", "Identity", "{A3100000-0000-0000-0000-000000000001}"
EndProject
Project("{FAE04EC0-301F-11D3-BF4B-00C04F79EFBC}") = "HealthVerse.Identity.Domain", "Modules\Identity\HealthVerse.Identity.Domain\HealthVerse.Identity.Domain.csproj", "{B3100001-0000-0000-0000-000000000001}"
EndProject
Project("{FAE04EC0-301F-11D3-BF4B-00C04F79EFBC}") = "HealthVerse.Identity.Application", "Modules\Identity\HealthVerse.Identity.Application\HealthVerse.Identity.Application.csproj", "{B3100002-0000-0000-0000-000000000001}"
EndProject
Project("{FAE04EC0-301F-11D3-BF4B-00C04F79EFBC}") = "HealthVerse.Identity.Infrastructure", "Modules\Identity\HealthVerse.Identity.Infrastructure\HealthVerse.Identity.Infrastructure.csproj", "{B3100003-0000-0000-0000-000000000001}"
EndProject
Project("{2150E333-8FDC-42A3-9474-1A3956D46DE8}") = "Gamification", "Gamification", "{A3200000-0000-0000-0000-000000000001}"
EndProject
Project("{FAE04EC0-301F-11D3-BF4B-00C04F79EFBC}") = "HealthVerse.Gamification.Domain", "Modules\Gamification\HealthVerse.Gamification.Domain\HealthVerse.Gamification.Domain.csproj", "{B3200001-0000-0000-0000-000000000001}"
EndProject
Project("{FAE04EC0-301F-11D3-BF4B-00C04F79EFBC}") = "HealthVerse.Gamification.Application", "Modules\Gamification\HealthVerse.Gamification.Application\HealthVerse.Gamification.Application.csproj", "{B3200002-0000-0000-0000-000000000001}"
EndProject
Project("{FAE04EC0-301F-11D3-BF4B-00C04F79EFBC}") = "HealthVerse.Gamification.Infrastructure", "Modules\Gamification\HealthVerse.Gamification.Infrastructure\HealthVerse.Gamification.Infrastructure.csproj", "{B3200003-0000-0000-0000-000000000001}"
EndProject
Project("{2150E333-8FDC-42A3-9474-1A3956D46DE8}") = "Competition", "Competition", "{A3300000-0000-0000-0000-000000000001}"
EndProject
Project("{FAE04EC0-301F-11D3-BF4B-00C04F79EFBC}") = "HealthVerse.Competition.Domain", "Modules\Competition\HealthVerse.Competition.Domain\HealthVerse.Competition.Domain.csproj", "{B3300001-0000-0000-0000-000000000001}"
EndProject
Project("{FAE04EC0-301F-11D3-BF4B-00C04F79EFBC}") = "HealthVerse.Competition.Application", "Modules\Competition\HealthVerse.Competition.Application\HealthVerse.Competition.Application.csproj", "{B3300002-0000-0000-0000-000000000001}"
EndProject
Project("{FAE04EC0-301F-11D3-BF4B-00C04F79EFBC}") = "HealthVerse.Competition.Infrastructure", "Modules\Competition\HealthVerse.Competition.Infrastructure\HealthVerse.Competition.Infrastructure.csproj", "{B3300003-0000-0000-0000-000000000001}"
EndProject
Project("{2150E333-8FDC-42A3-9474-1A3956D46DE8}") = "Social", "Social", "{A3400000-0000-0000-0000-000000000001}"
EndProject
Project("{FAE04EC0-301F-11D3-BF4B-00C04F79EFBC}") = "HealthVerse.Social.Domain", "Modules\Social\HealthVerse.Social.Domain\HealthVerse.Social.Domain.csproj", "{B3400001-0000-0000-0000-000000000001}"
EndProject
Project("{FAE04EC0-301F-11D3-BF4B-00C04F79EFBC}") = "HealthVerse.Social.Application", "Modules\Social\HealthVerse.Social.Application\HealthVerse.Social.Application.csproj", "{B3400002-0000-0000-0000-000000000001}"
EndProject
Project("{FAE04EC0-301F-11D3-BF4B-00C04F79EFBC}") = "HealthVerse.Social.Infrastructure", "Modules\Social\HealthVerse.Social.Infrastructure\HealthVerse.Social.Infrastructure.csproj", "{B3400003-0000-0000-0000-000000000001}"
EndProject
Project("{2150E333-8FDC-42A3-9474-1A3956D46DE8}") = "Tasks", "Tasks", "{A3500000-0000-0000-0000-000000000001}"
EndProject
Project("{FAE04EC0-301F-11D3-BF4B-00C04F79EFBC}") = "HealthVerse.Tasks.Domain", "Modules\Tasks\HealthVerse.Tasks.Domain\HealthVerse.Tasks.Domain.csproj", "{B3500001-0000-0000-0000-000000000001}"
EndProject
Project("{FAE04EC0-301F-11D3-BF4B-00C04F79EFBC}") = "HealthVerse.Tasks.Application", "Modules\Tasks\HealthVerse.Tasks.Application\HealthVerse.Tasks.Application.csproj", "{B3500002-0000-0000-0000-000000000001}"
EndProject
Project("{FAE04EC0-301F-11D3-BF4B-00C04F79EFBC}") = "HealthVerse.Tasks.Infrastructure", "Modules\Tasks\HealthVerse.Tasks.Infrastructure\HealthVerse.Tasks.Infrastructure.csproj", "{B3500003-0000-0000-0000-000000000001}"
EndProject
Project("{2150E333-8FDC-42A3-9474-1A3956D46DE8}") = "Missions", "Missions", "{A3600000-0000-0000-0000-000000000001}"
EndProject
Project("{FAE04EC0-301F-11D3-BF4B-00C04F79EFBC}") = "HealthVerse.Missions.Domain", "Modules\Missions\HealthVerse.Missions.Domain\HealthVerse.Missions.Domain.csproj", "{B3600001-0000-0000-0000-000000000001}"
EndProject
Project("{FAE04EC0-301F-11D3-BF4B-00C04F79EFBC}") = "HealthVerse.Missions.Application", "Modules\Missions\HealthVerse.Missions.Application\HealthVerse.Missions.Application.csproj", "{B3600002-0000-0000-0000-000000000001}"
EndProject
Project("{FAE04EC0-301F-11D3-BF4B-00C04F79EFBC}") = "HealthVerse.Missions.Infrastructure", "Modules\Missions\HealthVerse.Missions.Infrastructure\HealthVerse.Missions.Infrastructure.csproj", "{B3600003-0000-0000-0000-000000000001}"
EndProject
Project("{2150E333-8FDC-42A3-9474-1A3956D46DE8}") = "Notifications", "Notifications", "{A3700000-0000-0000-0000-000000000001}"
EndProject
Project("{FAE04EC0-301F-11D3-BF4B-00C04F79EFBC}") = "HealthVerse.Notifications.Domain", "Modules\Notifications\HealthVerse.Notifications.Domain\HealthVerse.Notifications.Domain.csproj", "{B3700001-0000-0000-0000-000000000001}"
EndProject
Project("{FAE04EC0-301F-11D3-BF4B-00C04F79EFBC}") = "HealthVerse.Notifications.Application", "Modules\Notifications\HealthVerse.Notifications.Application\HealthVerse.Notifications.Application.csproj", "{B3700002-0000-0000-0000-000000000001}"
EndProject
Project("{FAE04EC0-301F-11D3-BF4B-00C04F79EFBC}") = "HealthVerse.Notifications.Infrastructure", "Modules\Notifications\HealthVerse.Notifications.Infrastructure\HealthVerse.Notifications.Infrastructure.csproj", "{B3700003-0000-0000-0000-000000000001}"
EndProject
Project("{2150E333-8FDC-42A3-9474-1A3956D46DE8}") = "Infrastructure", "Infrastructure", "{A4000000-0000-0000-0000-000000000001}"
EndProject
Project("{FAE04EC0-301F-11D3-BF4B-00C04F79EFBC}") = "HealthVerse.Infrastructure", "Infrastructure\HealthVerse.Infrastructure\HealthVerse.Infrastructure.csproj", "{B4000001-0000-0000-0000-000000000001}"
EndProject
Project("{FAE04EC0-301F-11D3-BF4B-00C04F79EFBC}") = "HealthVerse.IntegrationTests", "..\tests\HealthVerse.IntegrationTests\HealthVerse.IntegrationTests.csproj", "{C2B22533-8D9A-496B-93F0-AF749C3B06DD}"
EndProject
Project("{FAE04EC0-301F-11D3-BF4B-00C04F79EFBC}") = "HealthVerse.UnitTests", "..\tests\HealthVerse.UnitTests\HealthVerse.UnitTests.csproj", "{D1111111-1111-1111-1111-111111111111}"
EndProject
Project("{FAE04EC0-301F-11D3-BF4B-00C04F79EFBC}") = "HealthVerse.ArchitectureTests", "..\tests\HealthVerse.ArchitectureTests\HealthVerse.ArchitectureTests.csproj", "{D2222222-2222-2222-2222-222222222222}"
EndProject
Project("{FAE04EC0-301F-11D3-BF4B-00C04F79EFBC}") = "HealthVerse.Contracts", "Shared\HealthVerse.Contracts\HealthVerse.Contracts.csproj", "{1C9D8027-82BE-4D02-8FA2-CF0EA1EA0D8B}"
EndProject
Global
	GlobalSection(SolutionConfigurationPlatforms) = preSolution
		Debug|Any CPU = Debug|Any CPU
		Debug|x64 = Debug|x64
		Debug|x86 = Debug|x86
		Release|Any CPU = Release|Any CPU
		Release|x64 = Release|x64
		Release|x86 = Release|x86
	EndGlobalSection
	GlobalSection(ProjectConfigurationPlatforms) = postSolution
		{B1000000-0000-0000-0000-000000000001}.Debug|Any CPU.ActiveCfg = Debug|Any CPU
		{B1000000-0000-0000-0000-000000000001}.Debug|Any CPU.Build.0 = Debug|Any CPU
		{B1000000-0000-0000-0000-000000000001}.Debug|x64.ActiveCfg = Debug|Any CPU
		{B1000000-0000-0000-0000-000000000001}.Debug|x64.Build.0 = Debug|Any CPU
		{B1000000-0000-0000-0000-000000000001}.Debug|x86.ActiveCfg = Debug|Any CPU
		{B1000000-0000-0000-0000-000000000001}.Debug|x86.Build.0 = Debug|Any CPU
		{B1000000-0000-0000-0000-000000000001}.Release|Any CPU.ActiveCfg = Release|Any CPU
		{B1000000-0000-0000-0000-000000000001}.Release|Any CPU.Build.0 = Release|Any CPU
		{B1000000-0000-0000-0000-000000000001}.Release|x64.ActiveCfg = Release|Any CPU
		{B1000000-0000-0000-0000-000000000001}.Release|x64.Build.0 = Release|Any CPU
		{B1000000-0000-0000-0000-000000000001}.Release|x86.ActiveCfg = Release|Any CPU
		{B1000000-0000-0000-0000-000000000001}.Release|x86.Build.0 = Release|Any CPU
		{B2000000-0000-0000-0000-000000000001}.Debug|Any CPU.ActiveCfg = Debug|Any CPU
		{B2000000-0000-0000-0000-000000000001}.Debug|Any CPU.Build.0 = Debug|Any CPU
		{B2000000-0000-0000-0000-000000000001}.Debug|x64.ActiveCfg = Debug|Any CPU
		{B2000000-0000-0000-0000-000000000001}.Debug|x64.Build.0 = Debug|Any CPU
		{B2000000-0000-0000-0000-000000000001}.Debug|x86.ActiveCfg = Debug|Any CPU
		{B2000000-0000-0000-0000-000000000001}.Debug|x86.Build.0 = Debug|Any CPU
		{B2000000-0000-0000-0000-000000000001}.Release|Any CPU.ActiveCfg = Release|Any CPU
		{B2000000-0000-0000-0000-000000000001}.Release|Any CPU.Build.0 = Release|Any CPU
		{B2000000-0000-0000-0000-000000000001}.Release|x64.ActiveCfg = Release|Any CPU
		{B2000000-0000-0000-0000-000000000001}.Release|x64.Build.0 = Release|Any CPU
		{B2000000-0000-0000-0000-000000000001}.Release|x86.ActiveCfg = Release|Any CPU
		{B2000000-0000-0000-0000-000000000001}.Release|x86.Build.0 = Release|Any CPU
		{B3100001-0000-0000-0000-000000000001}.Debug|Any CPU.ActiveCfg = Debug|Any CPU
		{B3100001-0000-0000-0000-000000000001}.Debug|Any CPU.Build.0 = Debug|Any CPU
		{B3100001-0000-0000-0000-000000000001}.Debug|x64.ActiveCfg = Debug|Any CPU
		{B3100001-0000-0000-0000-000000000001}.Debug|x64.Build.0 = Debug|Any CPU
		{B3100001-0000-0000-0000-000000000001}.Debug|x86.ActiveCfg = Debug|Any CPU
		{B3100001-0000-0000-0000-000000000001}.Debug|x86.Build.0 = Debug|Any CPU
		{B3100001-0000-0000-0000-000000000001}.Release|Any CPU.ActiveCfg = Release|Any CPU
		{B3100001-0000-0000-0000-000000000001}.Release|Any CPU.Build.0 = Release|Any CPU
		{B3100001-0000-0000-0000-000000000001}.Release|x64.ActiveCfg = Release|Any CPU
		{B3100001-0000-0000-0000-000000000001}.Release|x64.Build.0 = Release|Any CPU
		{B3100001-0000-0000-0000-000000000001}.Release|x86.ActiveCfg = Release|Any CPU
		{B3100001-0000-0000-0000-000000000001}.Release|x86.Build.0 = Release|Any CPU
		{B3100002-0000-0000-0000-000000000001}.Debug|Any CPU.ActiveCfg = Debug|Any CPU
		{B3100002-0000-0000-0000-000000000001}.Debug|Any CPU.Build.0 = Debug|Any CPU
		{B3100002-0000-0000-0000-000000000001}.Debug|x64.ActiveCfg = Debug|Any CPU
		{B3100002-0000-0000-0000-000000000001}.Debug|x64.Build.0 = Debug|Any CPU
		{B3100002-0000-0000-0000-000000000001}.Debug|x86.ActiveCfg = Debug|Any CPU
		{B3100002-0000-0000-0000-000000000001}.Debug|x86.Build.0 = Debug|Any CPU
		{B3100002-0000-0000-0000-000000000001}.Release|Any CPU.ActiveCfg = Release|Any CPU
		{B3100002-0000-0000-0000-000000000001}.Release|Any CPU.Build.0 = Release|Any CPU
		{B3100002-0000-0000-0000-000000000001}.Release|x64.ActiveCfg = Release|Any CPU
		{B3100002-0000-0000-0000-000000000001}.Release|x64.Build.0 = Release|Any CPU
		{B3100002-0000-0000-0000-000000000001}.Release|x86.ActiveCfg = Release|Any CPU
		{B3100002-0000-0000-0000-000000000001}.Release|x86.Build.0 = Release|Any CPU
		{B3100003-0000-0000-0000-000000000001}.Debug|Any CPU.ActiveCfg = Debug|Any CPU
		{B3100003-0000-0000-0000-000000000001}.Debug|Any CPU.Build.0 = Debug|Any CPU
		{B3100003-0000-0000-0000-000000000001}.Debug|x64.ActiveCfg = Debug|Any CPU
		{B3100003-0000-0000-0000-000000000001}.Debug|x64.Build.0 = Debug|Any CPU
		{B3100003-0000-0000-0000-000000000001}.Debug|x86.ActiveCfg = Debug|Any CPU
		{B3100003-0000-0000-0000-000000000001}.Debug|x86.Build.0 = Debug|Any CPU
		{B3100003-0000-0000-0000-000000000001}.Release|Any CPU.ActiveCfg = Release|Any CPU
		{B3100003-0000-0000-0000-000000000001}.Release|Any CPU.Build.0 = Release|Any CPU
		{B3100003-0000-0000-0000-000000000001}.Release|x64.ActiveCfg = Release|Any CPU
		{B3100003-0000-0000-0000-000000000001}.Release|x64.Build.0 = Release|Any CPU
		{B3100003-0000-0000-0000-000000000001}.Release|x86.ActiveCfg = Release|Any CPU
		{B3100003-0000-0000-0000-000000000001}.Release|x86.Build.0 = Release|Any CPU
		{B3200001-0000-0000-0000-000000000001}.Debug|Any CPU.ActiveCfg = Debug|Any CPU
		{B3200001-0000-0000-0000-000000000001}.Debug|Any CPU.Build.0 = Debug|Any CPU
		{B3200001-0000-0000-0000-000000000001}.Debug|x64.ActiveCfg = Debug|Any CPU
		{B3200001-0000-0000-0000-000000000001}.Debug|x64.Build.0 = Debug|Any CPU
		{B3200001-0000-0000-0000-000000000001}.Debug|x86.ActiveCfg = Debug|Any CPU
		{B3200001-0000-0000-0000-000000000001}.Debug|x86.Build.0 = Debug|Any CPU
		{B3200001-0000-0000-0000-000000000001}.Release|Any CPU.ActiveCfg = Release|Any CPU
		{B3200001-0000-0000-0000-000000000001}.Release|Any CPU.Build.0 = Release|Any CPU
		{B3200001-0000-0000-0000-000000000001}.Release|x64.ActiveCfg = Release|Any CPU
		{B3200001-0000-0000-0000-000000000001}.Release|x64.Build.0 = Release|Any CPU
		{B3200001-0000-0000-0000-000000000001}.Release|x86.ActiveCfg = Release|Any CPU
		{B3200001-0000-0000-0000-000000000001}.Release|x86.Build.0 = Release|Any CPU
		{B3200002-0000-0000-0000-000000000001}.Debug|Any CPU.ActiveCfg = Debug|Any CPU
		{B3200002-0000-0000-0000-000000000001}.Debug|Any CPU.Build.0 = Debug|Any CPU
		{B3200002-0000-0000-0000-000000000001}.Debug|x64.ActiveCfg = Debug|Any CPU
		{B3200002-0000-0000-0000-000000000001}.Debug|x64.Build.0 = Debug|Any CPU
		{B3200002-0000-0000-0000-000000000001}.Debug|x86.ActiveCfg = Debug|Any CPU
		{B3200002-0000-0000-0000-000000000001}.Debug|x86.Build.0 = Debug|Any CPU
		{B3200002-0000-0000-0000-000000000001}.Release|Any CPU.ActiveCfg = Release|Any CPU
		{B3200002-0000-0000-0000-000000000001}.Release|Any CPU.Build.0 = Release|Any CPU
		{B3200002-0000-0000-0000-000000000001}.Release|x64.ActiveCfg = Release|Any CPU
		{B3200002-0000-0000-0000-000000000001}.Release|x64.Build.0 = Release|Any CPU
		{B3200002-0000-0000-0000-000000000001}.Release|x86.ActiveCfg = Release|Any CPU
		{B3200002-0000-0000-0000-000000000001}.Release|x86.Build.0 = Release|Any CPU
		{B3200003-0000-0000-0000-000000000001}.Debug|Any CPU.ActiveCfg = Debug|Any CPU
		{B3200003-0000-0000-0000-000000000001}.Debug|Any CPU.Build.0 = Debug|Any CPU
		{B3200003-0000-0000-0000-000000000001}.Debug|x64.ActiveCfg = Debug|Any CPU
		{B3200003-0000-0000-0000-000000000001}.Debug|x64.Build.0 = Debug|Any CPU
		{B3200003-0000-0000-0000-000000000001}.Debug|x86.ActiveCfg = Debug|Any CPU
		{B3200003-0000-0000-0000-000000000001}.Debug|x86.Build.0 = Debug|Any CPU
		{B3200003-0000-0000-0000-000000000001}.Release|Any CPU.ActiveCfg = Release|Any CPU
		{B3200003-0000-0000-0000-000000000001}.Release|Any CPU.Build.0 = Release|Any CPU
		{B3200003-0000-0000-0000-000000000001}.Release|x64.ActiveCfg = Release|Any CPU
		{B3200003-0000-0000-0000-000000000001}.Release|x64.Build.0 = Release|Any CPU
		{B3200003-0000-0000-0000-000000000001}.Release|x86.ActiveCfg = Release|Any CPU
		{B3200003-0000-0000-0000-000000000001}.Release|x86.Build.0 = Release|Any CPU
		{B3300001-0000-0000-0000-000000000001}.Debug|Any CPU.ActiveCfg = Debug|Any CPU
		{B3300001-0000-0000-0000-000000000001}.Debug|Any CPU.Build.0 = Debug|Any CPU
		{B3300001-0000-0000-0000-000000000001}.Debug|x64.ActiveCfg = Debug|Any CPU
		{B3300001-0000-0000-0000-000000000001}.Debug|x64.Build.0 = Debug|Any CPU
		{B3300001-0000-0000-0000-000000000001}.Debug|x86.ActiveCfg = Debug|Any CPU
		{B3300001-0000-0000-0000-000000000001}.Debug|x86.Build.0 = Debug|Any CPU
		{B3300001-0000-0000-0000-000000000001}.Release|Any CPU.ActiveCfg = Release|Any CPU
		{B3300001-0000-0000-0000-000000000001}.Release|Any CPU.Build.0 = Release|Any CPU
		{B3300001-0000-0000-0000-000000000001}.Release|x64.ActiveCfg = Release|Any CPU
		{B3300001-0000-0000-0000-000000000001}.Release|x64.Build.0 = Release|Any CPU
		{B3300001-0000-0000-0000-000000000001}.Release|x86.ActiveCfg = Release|Any CPU
		{B3300001-0000-0000-0000-000000000001}.Release|x86.Build.0 = Release|Any CPU
		{B3300002-0000-0000-0000-000000000001}.Debug|Any CPU.ActiveCfg = Debug|Any CPU
		{B3300002-0000-0000-0000-000000000001}.Debug|Any CPU.Build.0 = Debug|Any CPU
		{B3300002-0000-0000-0000-000000000001}.Debug|x64.ActiveCfg = Debug|Any CPU
		{B3300002-0000-0000-0000-000000000001}.Debug|x64.Build.0 = Debug|Any CPU
		{B3300002-0000-0000-0000-000000000001}.Debug|x86.ActiveCfg = Debug|Any CPU
		{B3300002-0000-0000-0000-000000000001}.Debug|x86.Build.0 = Debug|Any CPU
		{B3300002-0000-0000-0000-000000000001}.Release|Any CPU.ActiveCfg = Release|Any CPU
		{B3300002-0000-0000-0000-000000000001}.Release|Any CPU.Build.0 = Release|Any CPU
		{B3300002-0000-0000-0000-000000000001}.Release|x64.ActiveCfg = Release|Any CPU
		{B3300002-0000-0000-0000-000000000001}.Release|x64.Build.0 = Release|Any CPU
		{B3300002-0000-0000-0000-000000000001}.Release|x86.ActiveCfg = Release|Any CPU
		{B3300002-0000-0000-0000-000000000001}.Release|x86.Build.0 = Release|Any CPU
		{B3300003-0000-0000-0000-000000000001}.Debug|Any CPU.ActiveCfg = Debug|Any CPU
		{B3300003-0000-0000-0000-000000000001}.Debug|Any CPU.Build.0 = Debug|Any CPU
		{B3300003-0000-0000-0000-000000000001}.Debug|x64.ActiveCfg = Debug|Any CPU
		{B3300003-0000-0000-0000-000000000001}.Debug|x64.Build.0 = Debug|Any CPU
		{B3300003-0000-0000-0000-000000000001}.Debug|x86.ActiveCfg = Debug|Any CPU
		{B3300003-0000-0000-0000-000000000001}.Debug|x86.Build.0 = Debug|Any CPU
		{B3300003-0000-0000-0000-000000000001}.Release|Any CPU.ActiveCfg = Release|Any CPU
		{B3300003-0000-0000-0000-000000000001}.Release|Any CPU.Build.0 = Release|Any CPU
		{B3300003-0000-0000-0000-000000000001}.Release|x64.ActiveCfg = Release|Any CPU
		{B3300003-0000-0000-0000-000000000001}.Release|x64.Build.0 = Release|Any CPU
		{B3300003-0000-0000-0000-000000000001}.Release|x86.ActiveCfg = Release|Any CPU
		{B3300003-0000-0000-0000-000000000001}.Release|x86.Build.0 = Release|Any CPU
		{B3400001-0000-0000-0000-000000000001}.Debug|Any CPU.ActiveCfg = Debug|Any CPU
		{B3400001-0000-0000-0000-000000000001}.Debug|Any CPU.Build.0 = Debug|Any CPU
		{B3400001-0000-0000-0000-000000000001}.Debug|x64.ActiveCfg = Debug|Any CPU
		{B3400001-0000-0000-0000-000000000001}.Debug|x64.Build.0 = Debug|Any CPU
		{B3400001-0000-0000-0000-000000000001}.Debug|x86.ActiveCfg = Debug|Any CPU
		{B3400001-0000-0000-0000-000000000001}.Debug|x86.Build.0 = Debug|Any CPU
		{B3400001-0000-0000-0000-000000000001}.Release|Any CPU.ActiveCfg = Release|Any CPU
		{B3400001-0000-0000-0000-000000000001}.Release|Any CPU.Build.0 = Release|Any CPU
		{B3400001-0000-0000-0000-000000000001}.Release|x64.ActiveCfg = Release|Any CPU
		{B3400001-0000-0000-0000-000000000001}.Release|x64.Build.0 = Release|Any CPU
		{B3400001-0000-0000-0000-000000000001}.Release|x86.ActiveCfg = Release|Any CPU
		{B3400001-0000-0000-0000-000000000001}.Release|x86.Build.0 = Release|Any CPU
		{B3400002-0000-0000-0000-000000000001}.Debug|Any CPU.ActiveCfg = Debug|Any CPU
		{B3400002-0000-0000-0000-000000000001}.Debug|Any CPU.Build.0 = Debug|Any CPU
		{B3400002-0000-0000-0000-000000000001}.Debug|x64.ActiveCfg = Debug|Any CPU
		{B3400002-0000-0000-0000-000000000001}.Debug|x64.Build.0 = Debug|Any CPU
		{B3400002-0000-0000-0000-000000000001}.Debug|x86.ActiveCfg = Debug|Any CPU
		{B3400002-0000-0000-0000-000000000001}.Debug|x86.Build.0 = Debug|Any CPU
		{B3400002-0000-0000-0000-000000000001}.Release|Any CPU.ActiveCfg = Release|Any CPU
		{B3400002-0000-0000-0000-000000000001}.Release|Any CPU.Build.0 = Release|Any CPU
		{B3400002-0000-0000-0000-000000000001}.Release|x64.ActiveCfg = Release|Any CPU
		{B3400002-0000-0000-0000-000000000001}.Release|x64.Build.0 = Release|Any CPU
		{B3400002-0000-0000-0000-000000000001}.Release|x86.ActiveCfg = Release|Any CPU
		{B3400002-0000-0000-0000-000000000001}.Release|x86.Build.0 = Release|Any CPU
		{B3400003-0000-0000-0000-000000000001}.Debug|Any CPU.ActiveCfg = Debug|Any CPU
		{B3400003-0000-0000-0000-000000000001}.Debug|Any CPU.Build.0 = Debug|Any CPU
		{B3400003-0000-0000-0000-000000000001}.Debug|x64.ActiveCfg = Debug|Any CPU
		{B3400003-0000-0000-0000-000000000001}.Debug|x64.Build.0 = Debug|Any CPU
		{B3400003-0000-0000-0000-000000000001}.Debug|x86.ActiveCfg = Debug|Any CPU
		{B3400003-0000-0000-0000-000000000001}.Debug|x86.Build.0 = Debug|Any CPU
		{B3400003-0000-0000-0000-000000000001}.Release|Any CPU.ActiveCfg = Release|Any CPU
		{B3400003-0000-0000-0000-000000000001}.Release|Any CPU.Build.0 = Release|Any CPU
		{B3400003-0000-0000-0000-000000000001}.Release|x64.ActiveCfg = Release|Any CPU
		{B3400003-0000-0000-0000-000000000001}.Release|x64.Build.0 = Release|Any CPU
		{B3400003-0000-0000-0000-000000000001}.Release|x86.ActiveCfg = Release|Any CPU
		{B3400003-0000-0000-0000-000000000001}.Release|x86.Build.0 = Release|Any CPU
		{B3500001-0000-0000-0000-000000000001}.Debug|Any CPU.ActiveCfg = Debug|Any CPU
		{B3500001-0000-0000-0000-000000000001}.Debug|Any CPU.Build.0 = Debug|Any CPU
		{B3500001-0000-0000-0000-000000000001}.Debug|x64.ActiveCfg = Debug|Any CPU
		{B3500001-0000-0000-0000-000000000001}.Debug|x64.Build.0 = Debug|Any CPU
		{B3500001-0000-0000-0000-000000000001}.Debug|x86.ActiveCfg = Debug|Any CPU
		{B3500001-0000-0000-0000-000000000001}.Debug|x86.Build.0 = Debug|Any CPU
		{B3500001-0000-0000-0000-000000000001}.Release|Any CPU.ActiveCfg = Release|Any CPU
		{B3500001-0000-0000-0000-000000000001}.Release|Any CPU.Build.0 = Release|Any CPU
		{B3500001-0000-0000-0000-000000000001}.Release|x64.ActiveCfg = Release|Any CPU
		{B3500001-0000-0000-0000-000000000001}.Release|x64.Build.0 = Release|Any CPU
		{B3500001-0000-0000-0000-000000000001}.Release|x86.ActiveCfg = Release|Any CPU
		{B3500001-0000-0000-0000-000000000001}.Release|x86.Build.0 = Release|Any CPU
		{B3500002-0000-0000-0000-000000000001}.Debug|Any CPU.ActiveCfg = Debug|Any CPU
		{B3500002-0000-0000-0000-000000000001}.Debug|Any CPU.Build.0 = Debug|Any CPU
		{B3500002-0000-0000-0000-000000000001}.Debug|x64.ActiveCfg = Debug|Any CPU
		{B3500002-0000-0000-0000-000000000001}.Debug|x64.Build.0 = Debug|Any CPU
		{B3500002-0000-0000-0000-000000000001}.Debug|x86.ActiveCfg = Debug|Any CPU
		{B3500002-0000-0000-0000-000000000001}.Debug|x86.Build.0 = Debug|Any CPU
		{B3500002-0000-0000-0000-000000000001}.Release|Any CPU.ActiveCfg = Release|Any CPU
		{B3500002-0000-0000-0000-000000000001}.Release|Any CPU.Build.0 = Release|Any CPU
		{B3500002-0000-0000-0000-000000000001}.Release|x64.ActiveCfg = Release|Any CPU
		{B3500002-0000-0000-0000-000000000001}.Release|x64.Build.0 = Release|Any CPU
		{B3500002-0000-0000-0000-000000000001}.Release|x86.ActiveCfg = Release|Any CPU
		{B3500002-0000-0000-0000-000000000001}.Release|x86.Build.0 = Release|Any CPU
		{B3500003-0000-0000-0000-000000000001}.Debug|Any CPU.ActiveCfg = Debug|Any CPU
		{B3500003-0000-0000-0000-000000000001}.Debug|Any CPU.Build.0 = Debug|Any CPU
		{B3500003-0000-0000-0000-000000000001}.Debug|x64.ActiveCfg = Debug|Any CPU
		{B3500003-0000-0000-0000-000000000001}.Debug|x64.Build.0 = Debug|Any CPU
		{B3500003-0000-0000-0000-000000000001}.Debug|x86.ActiveCfg = Debug|Any CPU
		{B3500003-0000-0000-0000-000000000001}.Debug|x86.Build.0 = Debug|Any CPU
		{B3500003-0000-0000-0000-000000000001}.Release|Any CPU.ActiveCfg = Release|Any CPU
		{B3500003-0000-0000-0000-000000000001}.Release|Any CPU.Build.0 = Release|Any CPU
		{B3500003-0000-0000-0000-000000000001}.Release|x64.ActiveCfg = Release|Any CPU
		{B3500003-0000-0000-0000-000000000001}.Release|x64.Build.0 = Release|Any CPU
		{B3500003-0000-0000-0000-000000000001}.Release|x86.ActiveCfg = Release|Any CPU
		{B3500003-0000-0000-0000-000000000001}.Release|x86.Build.0 = Release|Any CPU
		{B3600001-0000-0000-0000-000000000001}.Debug|Any CPU.ActiveCfg = Debug|Any CPU
		{B3600001-0000-0000-0000-000000000001}.Debug|Any CPU.Build.0 = Debug|Any CPU
		{B3600001-0000-0000-0000-000000000001}.Debug|x64.ActiveCfg = Debug|Any CPU
		{B3600001-0000-0000-0000-000000000001}.Debug|x64.Build.0 = Debug|Any CPU
		{B3600001-0000-0000-0000-000000000001}.Debug|x86.ActiveCfg = Debug|Any CPU
		{B3600001-0000-0000-0000-000000000001}.Debug|x86.Build.0 = Debug|Any CPU
		{B3600001-0000-0000-0000-000000000001}.Release|Any CPU.ActiveCfg = Release|Any CPU
		{B3600001-0000-0000-0000-000000000001}.Release|Any CPU.Build.0 = Release|Any CPU
		{B3600001-0000-0000-0000-000000000001}.Release|x64.ActiveCfg = Release|Any CPU
		{B3600001-0000-0000-0000-000000000001}.Release|x64.Build.0 = Release|Any CPU
		{B3600001-0000-0000-0000-000000000001}.Release|x86.ActiveCfg = Release|Any CPU
		{B3600001-0000-0000-0000-000000000001}.Release|x86.Build.0 = Release|Any CPU
		{B3600002-0000-0000-0000-000000000001}.Debug|Any CPU.ActiveCfg = Debug|Any CPU
		{B3600002-0000-0000-0000-000000000001}.Debug|Any CPU.Build.0 = Debug|Any CPU
		{B3600002-0000-0000-0000-000000000001}.Debug|x64.ActiveCfg = Debug|Any CPU
		{B3600002-0000-0000-0000-000000000001}.Debug|x64.Build.0 = Debug|Any CPU
		{B3600002-0000-0000-0000-000000000001}.Debug|x86.ActiveCfg = Debug|Any CPU
		{B3600002-0000-0000-0000-000000000001}.Debug|x86.Build.0 = Debug|Any CPU
		{B3600002-0000-0000-0000-000000000001}.Release|Any CPU.ActiveCfg = Release|Any CPU
		{B3600002-0000-0000-0000-000000000001}.Release|Any CPU.Build.0 = Release|Any CPU
		{B3600002-0000-0000-0000-000000000001}.Release|x64.ActiveCfg = Release|Any CPU
		{B3600002-0000-0000-0000-000000000001}.Release|x64.Build.0 = Release|Any CPU
		{B3600002-0000-0000-0000-000000000001}.Release|x86.ActiveCfg = Release|Any CPU
		{B3600002-0000-0000-0000-000000000001}.Release|x86.Build.0 = Release|Any CPU
		{B3600003-0000-0000-0000-000000000001}.Debug|Any CPU.ActiveCfg = Debug|Any CPU
		{B3600003-0000-0000-0000-000000000001}.Debug|Any CPU.Build.0 = Debug|Any CPU
		{B3600003-0000-0000-0000-000000000001}.Debug|x64.ActiveCfg = Debug|Any CPU
		{B3600003-0000-0000-0000-000000000001}.Debug|x64.Build.0 = Debug|Any CPU
		{B3600003-0000-0000-0000-000000000001}.Debug|x86.ActiveCfg = Debug|Any CPU
		{B3600003-0000-0000-0000-000000000001}.Debug|x86.Build.0 = Debug|Any CPU
		{B3600003-0000-0000-0000-000000000001}.Release|Any CPU.ActiveCfg = Release|Any CPU
		{B3600003-0000-0000-0000-000000000001}.Release|Any CPU.Build.0 = Release|Any CPU
		{B3600003-0000-0000-0000-000000000001}.Release|x64.ActiveCfg = Release|Any CPU
		{B3600003-0000-0000-0000-000000000001}.Release|x64.Build.0 = Release|Any CPU
		{B3600003-0000-0000-0000-000000000001}.Release|x86.ActiveCfg = Release|Any CPU
		{B3600003-0000-0000-0000-000000000001}.Release|x86.Build.0 = Release|Any CPU
		{B3700001-0000-0000-0000-000000000001}.Debug|Any CPU.ActiveCfg = Debug|Any CPU
		{B3700001-0000-0000-0000-000000000001}.Debug|Any CPU.Build.0 = Debug|Any CPU
		{B3700001-0000-0000-0000-000000000001}.Debug|x64.ActiveCfg = Debug|Any CPU
		{B3700001-0000-0000-0000-000000000001}.Debug|x64.Build.0 = Debug|Any CPU
		{B3700001-0000-0000-0000-000000000001}.Debug|x86.ActiveCfg = Debug|Any CPU
		{B3700001-0000-0000-0000-000000000001}.Debug|x86.Build.0 = Debug|Any CPU
		{B3700001-0000-0000-0000-000000000001}.Release|Any CPU.ActiveCfg = Release|Any CPU
		{B3700001-0000-0000-0000-000000000001}.Release|Any CPU.Build.0 = Release|Any CPU
		{B3700001-0000-0000-0000-000000000001}.Release|x64.ActiveCfg = Release|Any CPU
		{B3700001-0000-0000-0000-000000000001}.Release|x64.Build.0 = Release|Any CPU
		{B3700001-0000-0000-0000-000000000001}.Release|x86.ActiveCfg = Release|Any CPU
		{B3700001-0000-0000-0000-000000000001}.Release|x86.Build.0 = Release|Any CPU
		{B3700002-0000-0000-0000-000000000001}.Debug|Any CPU.ActiveCfg = Debug|Any CPU
		{B3700002-0000-0000-0000-000000000001}.Debug|Any CPU.Build.0 = Debug|Any CPU
		{B3700002-0000-0000-0000-000000000001}.Debug|x64.ActiveCfg = Debug|Any CPU
		{B3700002-0000-0000-0000-000000000001}.Debug|x64.Build.0 = Debug|Any CPU
		{B3700002-0000-0000-0000-000000000001}.Debug|x86.ActiveCfg = Debug|Any CPU
		{B3700002-0000-0000-0000-000000000001}.Debug|x86.Build.0 = Debug|Any CPU
		{B3700002-0000-0000-0000-000000000001}.Release|Any CPU.ActiveCfg = Release|Any CPU
		{B3700002-0000-0000-0000-000000000001}.Release|Any CPU.Build.0 = Release|Any CPU
		{B3700002-0000-0000-0000-000000000001}.Release|x64.ActiveCfg = Release|Any CPU
		{B3700002-0000-0000-0000-000000000001}.Release|x64.Build.0 = Release|Any CPU
		{B3700002-0000-0000-0000-000000000001}.Release|x86.ActiveCfg = Release|Any CPU
		{B3700002-0000-0000-0000-000000000001}.Release|x86.Build.0 = Release|Any CPU
		{B3700003-0000-0000-0000-000000000001}.Debug|Any CPU.ActiveCfg = Debug|Any CPU
		{B3700003-0000-0000-0000-000000000001}.Debug|Any CPU.Build.0 = Debug|Any CPU
		{B3700003-0000-0000-0000-000000000001}.Debug|x64.ActiveCfg = Debug|Any CPU
		{B3700003-0000-0000-0000-000000000001}.Debug|x64.Build.0 = Debug|Any CPU
		{B3700003-0000-0000-0000-000000000001}.Debug|x86.ActiveCfg = Debug|Any CPU
		{B3700003-0000-0000-0000-000000000001}.Debug|x86.Build.0 = Debug|Any CPU
		{B3700003-0000-0000-0000-000000000001}.Release|Any CPU.ActiveCfg = Release|Any CPU
		{B3700003-0000-0000-0000-000000000001}.Release|Any CPU.Build.0 = Release|Any CPU
		{B3700003-0000-0000-0000-000000000001}.Release|x64.ActiveCfg = Release|Any CPU
		{B3700003-0000-0000-0000-000000000001}.Release|x64.Build.0 = Release|Any CPU
		{B3700003-0000-0000-0000-000000000001}.Release|x86.ActiveCfg = Release|Any CPU
		{B3700003-0000-0000-0000-000000000001}.Release|x86.Build.0 = Release|Any CPU
		{B4000001-0000-0000-0000-000000000001}.Debug|Any CPU.ActiveCfg = Debug|Any CPU
		{B4000001-0000-0000-0000-000000000001}.Debug|Any CPU.Build.0 = Debug|Any CPU
		{B4000001-0000-0000-0000-000000000001}.Debug|x64.ActiveCfg = Debug|Any CPU
		{B4000001-0000-0000-0000-000000000001}.Debug|x64.Build.0 = Debug|Any CPU
		{B4000001-0000-0000-0000-000000000001}.Debug|x86.ActiveCfg = Debug|Any CPU
		{B4000001-0000-0000-0000-000000000001}.Debug|x86.Build.0 = Debug|Any CPU
		{B4000001-0000-0000-0000-000000000001}.Release|Any CPU.ActiveCfg = Release|Any CPU
		{B4000001-0000-0000-0000-000000000001}.Release|Any CPU.Build.0 = Release|Any CPU
		{B4000001-0000-0000-0000-000000000001}.Release|x64.ActiveCfg = Release|Any CPU
		{B4000001-0000-0000-0000-000000000001}.Release|x64.Build.0 = Release|Any CPU
		{B4000001-0000-0000-0000-000000000001}.Release|x86.ActiveCfg = Release|Any CPU
		{B4000001-0000-0000-0000-000000000001}.Release|x86.Build.0 = Release|Any CPU
		{C2B22533-8D9A-496B-93F0-AF749C3B06DD}.Debug|Any CPU.ActiveCfg = Debug|Any CPU
		{C2B22533-8D9A-496B-93F0-AF749C3B06DD}.Debug|Any CPU.Build.0 = Debug|Any CPU
		{C2B22533-8D9A-496B-93F0-AF749C3B06DD}.Debug|x64.ActiveCfg = Debug|Any CPU
		{C2B22533-8D9A-496B-93F0-AF749C3B06DD}.Debug|x64.Build.0 = Debug|Any CPU
		{C2B22533-8D9A-496B-93F0-AF749C3B06DD}.Debug|x86.ActiveCfg = Debug|Any CPU
		{C2B22533-8D9A-496B-93F0-AF749C3B06DD}.Debug|x86.Build.0 = Debug|Any CPU
		{C2B22533-8D9A-496B-93F0-AF749C3B06DD}.Release|Any CPU.ActiveCfg = Release|Any CPU
		{C2B22533-8D9A-496B-93F0-AF749C3B06DD}.Release|Any CPU.Build.0 = Release|Any CPU
		{C2B22533-8D9A-496B-93F0-AF749C3B06DD}.Release|x64.ActiveCfg = Release|Any CPU
		{C2B22533-8D9A-496B-93F0-AF749C3B06DD}.Release|x64.Build.0 = Release|Any CPU
		{C2B22533-8D9A-496B-93F0-AF749C3B06DD}.Release|x86.ActiveCfg = Release|Any CPU
		{C2B22533-8D9A-496B-93F0-AF749C3B06DD}.Release|x86.Build.0 = Release|Any CPU
		{1C9D8027-82BE-4D02-8FA2-CF0EA1EA0D8B}.Debug|Any CPU.ActiveCfg = Debug|Any CPU
		{1C9D8027-82BE-4D02-8FA2-CF0EA1EA0D8B}.Debug|Any CPU.Build.0 = Debug|Any CPU
		{1C9D8027-82BE-4D02-8FA2-CF0EA1EA0D8B}.Debug|x64.ActiveCfg = Debug|Any CPU
		{1C9D8027-82BE-4D02-8FA2-CF0EA1EA0D8B}.Debug|x64.Build.0 = Debug|Any CPU
		{1C9D8027-82BE-4D02-8FA2-CF0EA1EA0D8B}.Debug|x86.ActiveCfg = Debug|Any CPU
		{1C9D8027-82BE-4D02-8FA2-CF0EA1EA0D8B}.Debug|x86.Build.0 = Debug|Any CPU
		{1C9D8027-82BE-4D02-8FA2-CF0EA1EA0D8B}.Release|Any CPU.ActiveCfg = Release|Any CPU
		{1C9D8027-82BE-4D02-8FA2-CF0EA1EA0D8B}.Release|Any CPU.Build.0 = Release|Any CPU
		{1C9D8027-82BE-4D02-8FA2-CF0EA1EA0D8B}.Release|x64.ActiveCfg = Release|Any CPU
		{1C9D8027-82BE-4D02-8FA2-CF0EA1EA0D8B}.Release|x64.Build.0 = Release|Any CPU
		{1C9D8027-82BE-4D02-8FA2-CF0EA1EA0D8B}.Release|x86.ActiveCfg = Release|Any CPU
		{1C9D8027-82BE-4D02-8FA2-CF0EA1EA0D8B}.Release|x86.Build.0 = Release|Any CPU
	EndGlobalSection
	GlobalSection(SolutionProperties) = preSolution
		HideSolutionNode = FALSE
	EndGlobalSection
	GlobalSection(NestedProjects) = preSolution
		{B1000000-0000-0000-0000-000000000001} = {A1000000-0000-0000-0000-000000000001}
		{B2000000-0000-0000-0000-000000000001} = {A2000000-0000-0000-0000-000000000001}
		{A3100000-0000-0000-0000-000000000001} = {A3000000-0000-0000-0000-000000000001}
		{B3100001-0000-0000-0000-000000000001} = {A3100000-0000-0000-0000-000000000001}
		{B3100002-0000-0000-0000-000000000001} = {A3100000-0000-0000-0000-000000000001}
		{B3100003-0000-0000-0000-000000000001} = {A3100000-0000-0000-0000-000000000001}
		{A3200000-0000-0000-0000-000000000001} = {A3000000-0000-0000-0000-000000000001}
		{B3200001-0000-0000-0000-000000000001} = {A3200000-0000-0000-0000-000000000001}
		{B3200002-0000-0000-0000-000000000001} = {A3200000-0000-0000-0000-000000000001}
		{B3200003-0000-0000-0000-000000000001} = {A3200000-0000-0000-0000-000000000001}
		{A3300000-0000-0000-0000-000000000001} = {A3000000-0000-0000-0000-000000000001}
		{B3300001-0000-0000-0000-000000000001} = {A3300000-0000-0000-0000-000000000001}
		{B3300002-0000-0000-0000-000000000001} = {A3300000-0000-0000-0000-000000000001}
		{B3300003-0000-0000-0000-000000000001} = {A3300000-0000-0000-0000-000000000001}
		{A3400000-0000-0000-0000-000000000001} = {A3000000-0000-0000-0000-000000000001}
		{B3400001-0000-0000-0000-000000000001} = {A3400000-0000-0000-0000-000000000001}
		{B3400002-0000-0000-0000-000000000001} = {A3400000-0000-0000-0000-000000000001}
		{B3400003-0000-0000-0000-000000000001} = {A3400000-0000-0000-0000-000000000001}
		{A3500000-0000-0000-0000-000000000001} = {A3000000-0000-0000-0000-000000000001}
		{B3500001-0000-0000-0000-000000000001} = {A3500000-0000-0000-0000-000000000001}
		{B3500002-0000-0000-0000-000000000001} = {A3500000-0000-0000-0000-000000000001}
		{B3500003-0000-0000-0000-000000000001} = {A3500000-0000-0000-0000-000000000001}
		{A3600000-0000-0000-0000-000000000001} = {A3000000-0000-0000-0000-000000000001}
		{B3600001-0000-0000-0000-000000000001} = {A3600000-0000-0000-0000-000000000001}
		{B3600002-0000-0000-0000-000000000001} = {A3600000-0000-0000-0000-000000000001}
		{B3600003-0000-0000-0000-000000000001} = {A3600000-0000-0000-0000-000000000001}
		{A3700000-0000-0000-0000-000000000001} = {A3000000-0000-0000-0000-000000000001}
		{B3700001-0000-0000-0000-000000000001} = {A3700000-0000-0000-0000-000000000001}
		{B3700002-0000-0000-0000-000000000001} = {A3700000-0000-0000-0000-000000000001}
		{B3700003-0000-0000-0000-000000000001} = {A3700000-0000-0000-0000-000000000001}
		{B4000001-0000-0000-0000-000000000001} = {A4000000-0000-0000-0000-000000000001}
		{1C9D8027-82BE-4D02-8FA2-CF0EA1EA0D8B} = {A2000000-0000-0000-0000-000000000001}
	EndGlobalSection
EndGlobal
